[[package]]
name = "maturin"
version = "0.13.3"
description = "Build and publish crates with pyo3, rust-cpython and cffi bindings as well as rust binaries as python packages"
category = "dev"
optional = false
python-versions = ">=3.7"

[package.dependencies]
tomli = {version = ">=1.1.0", markers = "python_version < \"3.11\""}

[package.extras]
zig = ["ziglang (>=0.9.0,<0.10.0)"]
patchelf = ["patchelf"]

[[package]]
name = "tomli"
version = "2.0.1"
description = "A lil' TOML parser"
category = "dev"
optional = false
python-versions = ">=3.7"

[metadata]
lock-version = "1.1"
python-versions = "^3.9"
content-hash = "6b5c5ef59d6d3af721a58170dd7b0a90a33cd30d0362a966966467cf6b9d12bc"

[metadata.files]
maturin = []
tomli = []
